
Microsoft Visual Studio Solution File, Format Version 12.00
# Visual Studio 15
VisualStudioVersion = 15.0.27130.2036
MinimumVisualStudioVersion = 10.0.40219.1
Project("{8BC9CEB8-8B4A-11D0-8D11-00A0C91BC942}") = "PC_Ex5", "PC_Ex5\PC_Ex5.vcxproj", "{58E24110-782B-4872-9E42-39EC70BB41FC}"
EndProject
Global
	GlobalSection(SolutionConfigurationPlatforms) = preSolution
		Debug|x64 = Debug|x64
		Debug|x86 = Debug|x86
		Release|x64 = Release|x64
		Release|x86 = Release|x86
	EndGlobalSection
	GlobalSection(ProjectConfigurationPlatforms) = postSolution
		{58E24110-782B-4872-9E42-39EC70BB41FC}.Debug|x64.ActiveCfg = Debug|x64
		{58E24110-782B-4872-9E42-39EC70BB41FC}.Debug|x64.Build.0 = Debug|x64
		{58E24110-782B-4872-9E42-39EC70BB41FC}.Debug|x86.ActiveCfg = Debug|Win32
		{58E24110-782B-4872-9E42-39EC70BB41FC}.Debug|x86.Build.0 = Debug|Win32
		{58E24110-782B-4872-9E42-39EC70BB41FC}.Release|x64.ActiveCfg = Release|x64
		{58E24110-782B-4872-9E42-39EC70BB41FC}.Release|x64.Build.0 = Release|x64
		{58E24110-782B-4872-9E42-39EC70BB41FC}.Release|x86.ActiveCfg = Release|Win32
		{58E24110-782B-4872-9E42-39EC70BB41FC}.Release|x86.Build.0 = Release|Win32
	EndGlobalSection
	GlobalSection(SolutionProperties) = preSolution
		HideSolutionNode = FALSE
	EndGlobalSection
	GlobalSection(ExtensibilityGlobals) = postSolution
		SolutionGuid = {8D423056-D950-4980-9ACB-69624912DB30}
	EndGlobalSection
EndGlobal
